// !$*UTF8*$!
{
	archiveVersion = 1;
	classes = {
	};
	objectVersion = 46;
	objects = {

/* Begin PBXBuildFile section */
		A059EFB81B7D186B0038268D /* searchBoxViewCtrl.swift in Sources */ = {isa = PBXBuildFile; fileRef = A059EFB61B7D186B0038268D /* searchBoxViewCtrl.swift */; };
		A059EFB91B7D186B0038268D /* searchBoxViewCtrl.xib in Resources */ = {isa = PBXBuildFile; fileRef = A059EFB71B7D186B0038268D /* searchBoxViewCtrl.xib */; };
		A059EFBC1B7D1F3E0038268D /* searchBoxWinCtrl.swift in Sources */ = {isa = PBXBuildFile; fileRef = A059EFBA1B7D1F3E0038268D /* searchBoxWinCtrl.swift */; };
		A059EFBD1B7D1F3E0038268D /* searchBoxWinCtrl.xib in Resources */ = {isa = PBXBuildFile; fileRef = A059EFBB1B7D1F3E0038268D /* searchBoxWinCtrl.xib */; };
		A05EDAC81B7A4466001B3F3C /* AppDelegate.swift in Sources */ = {isa = PBXBuildFile; fileRef = A05EDAC71B7A4466001B3F3C /* AppDelegate.swift */; };
		A05EDACA1B7A4466001B3F3C /* Assets.xcassets in Resources */ = {isa = PBXBuildFile; fileRef = A05EDAC91B7A4466001B3F3C /* Assets.xcassets */; };
		A05EDACD1B7A4466001B3F3C /* MainMenu.xib in Resources */ = {isa = PBXBuildFile; fileRef = A05EDACB1B7A4466001B3F3C /* MainMenu.xib */; };
		A0603A9C1B7BD2CE0059578E /* LupaOff_18x18.png in Resources */ = {isa = PBXBuildFile; fileRef = A0603A941B7BD2CE0059578E /* LupaOff_18x18.png */; };
		A0603A9D1B7BD2CE0059578E /* LupaOff_18x18@2x.png in Resources */ = {isa = PBXBuildFile; fileRef = A0603A951B7BD2CE0059578E /* LupaOff_18x18@2x.png */; };
		A0603A9E1B7BD2CE0059578E /* LupaOffNeg_18x18.png in Resources */ = {isa = PBXBuildFile; fileRef = A0603A961B7BD2CE0059578E /* LupaOffNeg_18x18.png */; };
		A0603A9F1B7BD2CE0059578E /* LupaOffNeg_18x18@2x.png in Resources */ = {isa = PBXBuildFile; fileRef = A0603A971B7BD2CE0059578E /* LupaOffNeg_18x18@2x.png */; };
		A0603AA01B7BD2CE0059578E /* LupaOn_18x18.png in Resources */ = {isa = PBXBuildFile; fileRef = A0603A981B7BD2CE0059578E /* LupaOn_18x18.png */; };
		A0603AA11B7BD2CE0059578E /* LupaOn_18x18@2x.png in Resources */ = {isa = PBXBuildFile; fileRef = A0603A991B7BD2CE0059578E /* LupaOn_18x18@2x.png */; };
		A0603AA21B7BD2CE0059578E /* LupaOnNeg_18x18.png in Resources */ = {isa = PBXBuildFile; fileRef = A0603A9A1B7BD2CE0059578E /* LupaOnNeg_18x18.png */; };
		A0603AA31B7BD2CE0059578E /* LupaOnNeg_18x18@2x.png in Resources */ = {isa = PBXBuildFile; fileRef = A0603A9B1B7BD2CE0059578E /* LupaOnNeg_18x18@2x.png */; };
		A0603AA51B7BD5FD0059578E /* statusBarView.swift in Sources */ = {isa = PBXBuildFile; fileRef = A0603AA41B7BD5FD0059578E /* statusBarView.swift */; };
		A06537211B7BC156006277CE /* statusBarCtrl.swift in Sources */ = {isa = PBXBuildFile; fileRef = A06537201B7BC156006277CE /* statusBarCtrl.swift */; };
		A085571D1B7E587000B1D1C5 /* LPStatusItem.swift in Sources */ = {isa = PBXBuildFile; fileRef = A085571C1B7E587000B1D1C5 /* LPStatusItem.swift */; };
		A085571F1B7E58E300B1D1C5 /* LPGlobals.swift in Sources */ = {isa = PBXBuildFile; fileRef = A085571E1B7E58E300B1D1C5 /* LPGlobals.swift */; };
		A08557211B7E635B00B1D1C5 /* searchBoxWindow.swift in Sources */ = {isa = PBXBuildFile; fileRef = A08557201B7E635B00B1D1C5 /* searchBoxWindow.swift */; };
		A0A124611B80BE57008F4A2B /* searchTextField.swift in Sources */ = {isa = PBXBuildFile; fileRef = A0A124601B80BE57008F4A2B /* searchTextField.swift */; };
		A0B4BA511B7A647F00069614 /* LupaDefaults.swift in Sources */ = {isa = PBXBuildFile; fileRef = A0B4BA4F1B7A647F00069614 /* LupaDefaults.swift */; };
		A0B4BA521B7A647F00069614 /* LupaDefaults.xib in Resources */ = {isa = PBXBuildFile; fileRef = A0B4BA501B7A647F00069614 /* LupaDefaults.xib */; };
		A0B4BA541B7A672900069614 /* Globals.swift in Sources */ = {isa = PBXBuildFile; fileRef = A0B4BA531B7A672900069614 /* Globals.swift */; };
		A0B4BA601B7B400500069614 /* dir_16x16.png in Resources */ = {isa = PBXBuildFile; fileRef = A0B4BA561B7B400500069614 /* dir_16x16.png */; };
		A0B4BA611B7B400500069614 /* dir_16x16@2x.png in Resources */ = {isa = PBXBuildFile; fileRef = A0B4BA571B7B400500069614 /* dir_16x16@2x.png */; };
		A0B4BA621B7B400500069614 /* dir_32x32.png in Resources */ = {isa = PBXBuildFile; fileRef = A0B4BA581B7B400500069614 /* dir_32x32.png */; };
		A0B4BA631B7B400500069614 /* dir_32x32@2x.png in Resources */ = {isa = PBXBuildFile; fileRef = A0B4BA591B7B400500069614 /* dir_32x32@2x.png */; };
		A0B4BA641B7B400500069614 /* dir_128x128.png in Resources */ = {isa = PBXBuildFile; fileRef = A0B4BA5A1B7B400500069614 /* dir_128x128.png */; };
		A0B4BA651B7B400500069614 /* dir_128x128@2x.png in Resources */ = {isa = PBXBuildFile; fileRef = A0B4BA5B1B7B400500069614 /* dir_128x128@2x.png */; };
		A0B4BA661B7B400500069614 /* dir_256x256.png in Resources */ = {isa = PBXBuildFile; fileRef = A0B4BA5C1B7B400500069614 /* dir_256x256.png */; };
		A0B4BA671B7B400500069614 /* dir_256x256@2x.png in Resources */ = {isa = PBXBuildFile; fileRef = A0B4BA5D1B7B400500069614 /* dir_256x256@2x.png */; };
		A0B4BA681B7B400500069614 /* dir_512x512.png in Resources */ = {isa = PBXBuildFile; fileRef = A0B4BA5E1B7B400500069614 /* dir_512x512.png */; };
		A0B4BA691B7B400500069614 /* dir_512x512@2x.png in Resources */ = {isa = PBXBuildFile; fileRef = A0B4BA5F1B7B400500069614 /* dir_512x512@2x.png */; };
		A0E44B691B7E6BE100D0D5FA /* MASShortcut.framework in Frameworks */ = {isa = PBXBuildFile; fileRef = A0E44B681B7E6BE100D0D5FA /* MASShortcut.framework */; };
		A0E44B6E1B7E6DDD00D0D5FA /* MASShortcut.framework in CopyFiles */ = {isa = PBXBuildFile; fileRef = A0E44B681B7E6BE100D0D5FA /* MASShortcut.framework */; settings = {ATTRIBUTES = (CodeSignOnCopy, RemoveHeadersOnCopy, ); }; };
/* End PBXBuildFile section */

/* Begin PBXCopyFilesBuildPhase section */
		A0E44B6D1B7E6DCB00D0D5FA /* CopyFiles */ = {
			isa = PBXCopyFilesBuildPhase;
			buildActionMask = 2147483647;
			dstPath = "";
			dstSubfolderSpec = 10;
			files = (
				A0E44B6E1B7E6DDD00D0D5FA /* MASShortcut.framework in CopyFiles */,
			);
			runOnlyForDeploymentPostprocessing = 0;
		};
/* End PBXCopyFilesBuildPhase section */

/* Begin PBXFileReference section */
		A059EFB61B7D186B0038268D /* searchBoxViewCtrl.swift */ = {isa = PBXFileReference; fileEncoding = 4; lastKnownFileType = sourcecode.swift; path = searchBoxViewCtrl.swift; sourceTree = "<group>"; };
		A059EFB71B7D186B0038268D /* searchBoxViewCtrl.xib */ = {isa = PBXFileReference; fileEncoding = 4; lastKnownFileType = file.xib; path = searchBoxViewCtrl.xib; sourceTree = "<group>"; };
		A059EFBA1B7D1F3E0038268D /* searchBoxWinCtrl.swift */ = {isa = PBXFileReference; fileEncoding = 4; lastKnownFileType = sourcecode.swift; path = searchBoxWinCtrl.swift; sourceTree = "<group>"; };
		A059EFBB1B7D1F3E0038268D /* searchBoxWinCtrl.xib */ = {isa = PBXFileReference; fileEncoding = 4; lastKnownFileType = file.xib; path = searchBoxWinCtrl.xib; sourceTree = "<group>"; };
		A05EDAC41B7A4466001B3F3C /* lupa.app */ = {isa = PBXFileReference; explicitFileType = wrapper.application; includeInIndex = 0; path = lupa.app; sourceTree = BUILT_PRODUCTS_DIR; };
		A05EDAC71B7A4466001B3F3C /* AppDelegate.swift */ = {isa = PBXFileReference; lastKnownFileType = sourcecode.swift; path = AppDelegate.swift; sourceTree = "<group>"; };
		A05EDAC91B7A4466001B3F3C /* Assets.xcassets */ = {isa = PBXFileReference; lastKnownFileType = folder.assetcatalog; path = Assets.xcassets; sourceTree = "<group>"; };
		A05EDACC1B7A4466001B3F3C /* Base */ = {isa = PBXFileReference; lastKnownFileType = file.xib; name = Base; path = Base.lproj/MainMenu.xib; sourceTree = "<group>"; };
		A05EDACE1B7A4466001B3F3C /* Info.plist */ = {isa = PBXFileReference; lastKnownFileType = text.plist.xml; path = Info.plist; sourceTree = "<group>"; };
		A0603A941B7BD2CE0059578E /* LupaOff_18x18.png */ = {isa = PBXFileReference; lastKnownFileType = image.png; name = LupaOff_18x18.png; path = resources/LupaOff_18x18.png; sourceTree = "<group>"; };
		A0603A951B7BD2CE0059578E /* LupaOff_18x18@2x.png */ = {isa = PBXFileReference; lastKnownFileType = image.png; name = "LupaOff_18x18@2x.png"; path = "resources/LupaOff_18x18@2x.png"; sourceTree = "<group>"; };
		A0603A961B7BD2CE0059578E /* LupaOffNeg_18x18.png */ = {isa = PBXFileReference; lastKnownFileType = image.png; name = LupaOffNeg_18x18.png; path = resources/LupaOffNeg_18x18.png; sourceTree = "<group>"; };
		A0603A971B7BD2CE0059578E /* LupaOffNeg_18x18@2x.png */ = {isa = PBXFileReference; lastKnownFileType = image.png; name = "LupaOffNeg_18x18@2x.png"; path = "resources/LupaOffNeg_18x18@2x.png"; sourceTree = "<group>"; };
		A0603A981B7BD2CE0059578E /* LupaOn_18x18.png */ = {isa = PBXFileReference; lastKnownFileType = image.png; name = LupaOn_18x18.png; path = resources/LupaOn_18x18.png; sourceTree = "<group>"; };
		A0603A991B7BD2CE0059578E /* LupaOn_18x18@2x.png */ = {isa = PBXFileReference; lastKnownFileType = image.png; name = "LupaOn_18x18@2x.png"; path = "resources/LupaOn_18x18@2x.png"; sourceTree = "<group>"; };
		A0603A9A1B7BD2CE0059578E /* LupaOnNeg_18x18.png */ = {isa = PBXFileReference; lastKnownFileType = image.png; name = LupaOnNeg_18x18.png; path = resources/LupaOnNeg_18x18.png; sourceTree = "<group>"; };
		A0603A9B1B7BD2CE0059578E /* LupaOnNeg_18x18@2x.png */ = {isa = PBXFileReference; lastKnownFileType = image.png; name = "LupaOnNeg_18x18@2x.png"; path = "resources/LupaOnNeg_18x18@2x.png"; sourceTree = "<group>"; };
		A0603AA41B7BD5FD0059578E /* statusBarView.swift */ = {isa = PBXFileReference; fileEncoding = 4; lastKnownFileType = sourcecode.swift; path = statusBarView.swift; sourceTree = "<group>"; };
		A06537201B7BC156006277CE /* statusBarCtrl.swift */ = {isa = PBXFileReference; fileEncoding = 4; lastKnownFileType = sourcecode.swift; path = statusBarCtrl.swift; sourceTree = "<group>"; };
		A085571C1B7E587000B1D1C5 /* LPStatusItem.swift */ = {isa = PBXFileReference; fileEncoding = 4; lastKnownFileType = sourcecode.swift; name = LPStatusItem.swift; path = LPStatusItem/LPStatusItem.swift; sourceTree = "<group>"; };
		A085571E1B7E58E300B1D1C5 /* LPGlobals.swift */ = {isa = PBXFileReference; fileEncoding = 4; lastKnownFileType = sourcecode.swift; name = LPGlobals.swift; path = LPStatusItem/LPGlobals.swift; sourceTree = "<group>"; };
		A08557201B7E635B00B1D1C5 /* searchBoxWindow.swift */ = {isa = PBXFileReference; fileEncoding = 4; lastKnownFileType = sourcecode.swift; path = searchBoxWindow.swift; sourceTree = "<group>"; };
		A0A124601B80BE57008F4A2B /* searchTextField.swift */ = {isa = PBXFileReference; fileEncoding = 4; lastKnownFileType = sourcecode.swift; path = searchTextField.swift; sourceTree = "<group>"; };
		A0B4BA4F1B7A647F00069614 /* LupaDefaults.swift */ = {isa = PBXFileReference; fileEncoding = 4; lastKnownFileType = sourcecode.swift; path = LupaDefaults.swift; sourceTree = "<group>"; };
		A0B4BA501B7A647F00069614 /* LupaDefaults.xib */ = {isa = PBXFileReference; fileEncoding = 4; lastKnownFileType = file.xib; path = LupaDefaults.xib; sourceTree = "<group>"; };
		A0B4BA531B7A672900069614 /* Globals.swift */ = {isa = PBXFileReference; fileEncoding = 4; lastKnownFileType = sourcecode.swift; path = Globals.swift; sourceTree = "<group>"; };
		A0B4BA561B7B400500069614 /* dir_16x16.png */ = {isa = PBXFileReference; lastKnownFileType = image.png; name = dir_16x16.png; path = resources/dir_16x16.png; sourceTree = "<group>"; };
		A0B4BA571B7B400500069614 /* dir_16x16@2x.png */ = {isa = PBXFileReference; lastKnownFileType = image.png; name = "dir_16x16@2x.png"; path = "resources/dir_16x16@2x.png"; sourceTree = "<group>"; };
		A0B4BA581B7B400500069614 /* dir_32x32.png */ = {isa = PBXFileReference; lastKnownFileType = image.png; name = dir_32x32.png; path = resources/dir_32x32.png; sourceTree = "<group>"; };
		A0B4BA591B7B400500069614 /* dir_32x32@2x.png */ = {isa = PBXFileReference; lastKnownFileType = image.png; name = "dir_32x32@2x.png"; path = "resources/dir_32x32@2x.png"; sourceTree = "<group>"; };
		A0B4BA5A1B7B400500069614 /* dir_128x128.png */ = {isa = PBXFileReference; lastKnownFileType = image.png; name = dir_128x128.png; path = resources/dir_128x128.png; sourceTree = "<group>"; };
		A0B4BA5B1B7B400500069614 /* dir_128x128@2x.png */ = {isa = PBXFileReference; lastKnownFileType = image.png; name = "dir_128x128@2x.png"; path = "resources/dir_128x128@2x.png"; sourceTree = "<group>"; };
		A0B4BA5C1B7B400500069614 /* dir_256x256.png */ = {isa = PBXFileReference; lastKnownFileType = image.png; name = dir_256x256.png; path = resources/dir_256x256.png; sourceTree = "<group>"; };
		A0B4BA5D1B7B400500069614 /* dir_256x256@2x.png */ = {isa = PBXFileReference; lastKnownFileType = image.png; name = "dir_256x256@2x.png"; path = "resources/dir_256x256@2x.png"; sourceTree = "<group>"; };
		A0B4BA5E1B7B400500069614 /* dir_512x512.png */ = {isa = PBXFileReference; lastKnownFileType = image.png; name = dir_512x512.png; path = resources/dir_512x512.png; sourceTree = "<group>"; };
		A0B4BA5F1B7B400500069614 /* dir_512x512@2x.png */ = {isa = PBXFileReference; lastKnownFileType = image.png; name = "dir_512x512@2x.png"; path = "resources/dir_512x512@2x.png"; sourceTree = "<group>"; };
		A0E44B681B7E6BE100D0D5FA /* MASShortcut.framework */ = {isa = PBXFileReference; lastKnownFileType = wrapper.framework; name = MASShortcut.framework; path = Frameworks/MASShortcut.framework; sourceTree = "<group>"; };
		A0E44B6B1B7E6CF700D0D5FA /* lupa-Bridging-Header.h */ = {isa = PBXFileReference; lastKnownFileType = sourcecode.c.h; name = "lupa-Bridging-Header.h"; path = "lupa/lupa-Bridging-Header.h"; sourceTree = "<group>"; };
/* End PBXFileReference section */

/* Begin PBXFrameworksBuildPhase section */
		A05EDAC11B7A4466001B3F3C /* Frameworks */ = {
			isa = PBXFrameworksBuildPhase;
			buildActionMask = 2147483647;
			files = (
				A0E44B691B7E6BE100D0D5FA /* MASShortcut.framework in Frameworks */,
			);
			runOnlyForDeploymentPostprocessing = 0;
		};
/* End PBXFrameworksBuildPhase section */

/* Begin PBXGroup section */
		A05EDABB1B7A4466001B3F3C = {
			isa = PBXGroup;
			children = (
				A0E44B6A1B7E6CBD00D0D5FA /* lupa-bridge */,
				A05EDAC61B7A4466001B3F3C /* lupa */,
				A08557191B7E582600B1D1C5 /* LPStatusItem */,
				A0E44B671B7E6BD000D0D5FA /* Frameworks */,
				A05EDAC51B7A4466001B3F3C /* Products */,
				A0B4BA551B7B3F9500069614 /* Resources */,
			);
			sourceTree = "<group>";
		};
		A05EDAC51B7A4466001B3F3C /* Products */ = {
			isa = PBXGroup;
			children = (
				A05EDAC41B7A4466001B3F3C /* lupa.app */,
			);
			name = Products;
			sourceTree = "<group>";
		};
		A05EDAC61B7A4466001B3F3C /* lupa */ = {
			isa = PBXGroup;
			children = (
				A0B4BA531B7A672900069614 /* Globals.swift */,
				A05EDAC71B7A4466001B3F3C /* AppDelegate.swift */,
				A05EDAC91B7A4466001B3F3C /* Assets.xcassets */,
				A05EDACB1B7A4466001B3F3C /* MainMenu.xib */,
				A05EDACE1B7A4466001B3F3C /* Info.plist */,
				A0B4BA4F1B7A647F00069614 /* LupaDefaults.swift */,
				A0B4BA501B7A647F00069614 /* LupaDefaults.xib */,
				A06537201B7BC156006277CE /* statusBarCtrl.swift */,
				A0603AA41B7BD5FD0059578E /* statusBarView.swift */,
				A059EFB61B7D186B0038268D /* searchBoxViewCtrl.swift */,
				A059EFB71B7D186B0038268D /* searchBoxViewCtrl.xib */,
				A059EFBA1B7D1F3E0038268D /* searchBoxWinCtrl.swift */,
				A059EFBB1B7D1F3E0038268D /* searchBoxWinCtrl.xib */,
				A08557201B7E635B00B1D1C5 /* searchBoxWindow.swift */,
				A0A124601B80BE57008F4A2B /* searchTextField.swift */,
			);
			path = lupa;
			sourceTree = "<group>";
		};
		A08557191B7E582600B1D1C5 /* LPStatusItem */ = {
			isa = PBXGroup;
			children = (
				A085571E1B7E58E300B1D1C5 /* LPGlobals.swift */,
				A085571C1B7E587000B1D1C5 /* LPStatusItem.swift */,
			);
			name = LPStatusItem;
			sourceTree = "<group>";
		};
		A0B4BA551B7B3F9500069614 /* Resources */ = {
			isa = PBXGroup;
			children = (
				A0603A941B7BD2CE0059578E /* LupaOff_18x18.png */,
				A0603A951B7BD2CE0059578E /* LupaOff_18x18@2x.png */,
				A0603A961B7BD2CE0059578E /* LupaOffNeg_18x18.png */,
				A0603A971B7BD2CE0059578E /* LupaOffNeg_18x18@2x.png */,
				A0603A981B7BD2CE0059578E /* LupaOn_18x18.png */,
				A0603A991B7BD2CE0059578E /* LupaOn_18x18@2x.png */,
				A0603A9A1B7BD2CE0059578E /* LupaOnNeg_18x18.png */,
				A0603A9B1B7BD2CE0059578E /* LupaOnNeg_18x18@2x.png */,
				A0B4BA561B7B400500069614 /* dir_16x16.png */,
				A0B4BA571B7B400500069614 /* dir_16x16@2x.png */,
				A0B4BA581B7B400500069614 /* dir_32x32.png */,
				A0B4BA591B7B400500069614 /* dir_32x32@2x.png */,
				A0B4BA5A1B7B400500069614 /* dir_128x128.png */,
				A0B4BA5B1B7B400500069614 /* dir_128x128@2x.png */,
				A0B4BA5C1B7B400500069614 /* dir_256x256.png */,
				A0B4BA5D1B7B400500069614 /* dir_256x256@2x.png */,
				A0B4BA5E1B7B400500069614 /* dir_512x512.png */,
				A0B4BA5F1B7B400500069614 /* dir_512x512@2x.png */,
			);
			name = Resources;
			sourceTree = "<group>";
		};
		A0E44B671B7E6BD000D0D5FA /* Frameworks */ = {
			isa = PBXGroup;
			children = (
				A0E44B681B7E6BE100D0D5FA /* MASShortcut.framework */,
			);
			name = Frameworks;
			sourceTree = "<group>";
		};
		A0E44B6A1B7E6CBD00D0D5FA /* lupa-bridge */ = {
			isa = PBXGroup;
			children = (
				A0E44B6B1B7E6CF700D0D5FA /* lupa-Bridging-Header.h */,
			);
			name = "lupa-bridge";
			sourceTree = "<group>";
		};
/* End PBXGroup section */

/* Begin PBXNativeTarget section */
		A05EDAC31B7A4466001B3F3C /* lupa */ = {
			isa = PBXNativeTarget;
			buildConfigurationList = A05EDAD11B7A4466001B3F3C /* Build configuration list for PBXNativeTarget "lupa" */;
			buildPhases = (
				A05EDAC01B7A4466001B3F3C /* Sources */,
				A05EDAC11B7A4466001B3F3C /* Frameworks */,
				A05EDAC21B7A4466001B3F3C /* Resources */,
				A0E44B6D1B7E6DCB00D0D5FA /* CopyFiles */,
			);
			buildRules = (
			);
			dependencies = (
			);
			name = lupa;
			productName = lupa;
			productReference = A05EDAC41B7A4466001B3F3C /* lupa.app */;
			productType = "com.apple.product-type.application";
		};
/* End PBXNativeTarget section */

/* Begin PBXProject section */
		A05EDABC1B7A4466001B3F3C /* Project object */ = {
			isa = PBXProject;
			attributes = {
				LastUpgradeCheck = 0700;
				ORGANIZATIONNAME = "Luis Palacios";
				TargetAttributes = {
					A05EDAC31B7A4466001B3F3C = {
						CreatedOnToolsVersion = 7.0;
						DevelopmentTeam = 2J7A9EZT9X;
					};
				};
			};
			buildConfigurationList = A05EDABF1B7A4466001B3F3C /* Build configuration list for PBXProject "lupa" */;
			compatibilityVersion = "Xcode 3.2";
			developmentRegion = English;
			hasScannedForEncodings = 0;
			knownRegions = (
				en,
				Base,
			);
			mainGroup = A05EDABB1B7A4466001B3F3C;
			productRefGroup = A05EDAC51B7A4466001B3F3C /* Products */;
			projectDirPath = "";
			projectRoot = "";
			targets = (
				A05EDAC31B7A4466001B3F3C /* lupa */,
			);
		};
/* End PBXProject section */

/* Begin PBXResourcesBuildPhase section */
		A05EDAC21B7A4466001B3F3C /* Resources */ = {
			isa = PBXResourcesBuildPhase;
			buildActionMask = 2147483647;
			files = (
				A0603AA11B7BD2CE0059578E /* LupaOn_18x18@2x.png in Resources */,
				A059EFBD1B7D1F3E0038268D /* searchBoxWinCtrl.xib in Resources */,
				A0B4BA621B7B400500069614 /* dir_32x32.png in Resources */,
				A0B4BA671B7B400500069614 /* dir_256x256@2x.png in Resources */,
				A0603AA21B7BD2CE0059578E /* LupaOnNeg_18x18.png in Resources */,
				A0B4BA601B7B400500069614 /* dir_16x16.png in Resources */,
				A0B4BA651B7B400500069614 /* dir_128x128@2x.png in Resources */,
				A0603AA01B7BD2CE0059578E /* LupaOn_18x18.png in Resources */,
				A0603A9C1B7BD2CE0059578E /* LupaOff_18x18.png in Resources */,
				A0B4BA681B7B400500069614 /* dir_512x512.png in Resources */,
				A0603A9F1B7BD2CE0059578E /* LupaOffNeg_18x18@2x.png in Resources */,
				A05EDACA1B7A4466001B3F3C /* Assets.xcassets in Resources */,
				A0603A9D1B7BD2CE0059578E /* LupaOff_18x18@2x.png in Resources */,
				A05EDACD1B7A4466001B3F3C /* MainMenu.xib in Resources */,
				A0603A9E1B7BD2CE0059578E /* LupaOffNeg_18x18.png in Resources */,
				A0B4BA631B7B400500069614 /* dir_32x32@2x.png in Resources */,
				A0B4BA661B7B400500069614 /* dir_256x256.png in Resources */,
				A0B4BA521B7A647F00069614 /* LupaDefaults.xib in Resources */,
				A0B4BA641B7B400500069614 /* dir_128x128.png in Resources */,
				A0B4BA611B7B400500069614 /* dir_16x16@2x.png in Resources */,
				A0603AA31B7BD2CE0059578E /* LupaOnNeg_18x18@2x.png in Resources */,
				A059EFB91B7D186B0038268D /* searchBoxViewCtrl.xib in Resources */,
				A0B4BA691B7B400500069614 /* dir_512x512@2x.png in Resources */,
			);
			runOnlyForDeploymentPostprocessing = 0;
		};
/* End PBXResourcesBuildPhase section */

/* Begin PBXSourcesBuildPhase section */
		A05EDAC01B7A4466001B3F3C /* Sources */ = {
			isa = PBXSourcesBuildPhase;
			buildActionMask = 2147483647;
			files = (
				A06537211B7BC156006277CE /* statusBarCtrl.swift in Sources */,
				A059EFB81B7D186B0038268D /* searchBoxViewCtrl.swift in Sources */,
				A05EDAC81B7A4466001B3F3C /* AppDelegate.swift in Sources */,
				A059EFBC1B7D1F3E0038268D /* searchBoxWinCtrl.swift in Sources */,
				A085571D1B7E587000B1D1C5 /* LPStatusItem.swift in Sources */,
				A0603AA51B7BD5FD0059578E /* statusBarView.swift in Sources */,
				A0A124611B80BE57008F4A2B /* searchTextField.swift in Sources */,
				A0B4BA511B7A647F00069614 /* LupaDefaults.swift in Sources */,
				A08557211B7E635B00B1D1C5 /* searchBoxWindow.swift in Sources */,
				A085571F1B7E58E300B1D1C5 /* LPGlobals.swift in Sources */,
				A0B4BA541B7A672900069614 /* Globals.swift in Sources */,
			);
			runOnlyForDeploymentPostprocessing = 0;
		};
/* End PBXSourcesBuildPhase section */

/* Begin PBXVariantGroup section */
		A05EDACB1B7A4466001B3F3C /* MainMenu.xib */ = {
			isa = PBXVariantGroup;
			children = (
				A05EDACC1B7A4466001B3F3C /* Base */,
			);
			name = MainMenu.xib;
			sourceTree = "<group>";
		};
/* End PBXVariantGroup section */

/* Begin XCBuildConfiguration section */
		A05EDACF1B7A4466001B3F3C /* Debug */ = {
			isa = XCBuildConfiguration;
			buildSettings = {
				ALWAYS_SEARCH_USER_PATHS = NO;
				CLANG_CXX_LANGUAGE_STANDARD = "gnu++0x";
				CLANG_CXX_LIBRARY = "libc++";
				CLANG_ENABLE_MODULES = YES;
				CLANG_ENABLE_OBJC_ARC = YES;
				CLANG_WARN_BOOL_CONVERSION = YES;
				CLANG_WARN_CONSTANT_CONVERSION = YES;
				CLANG_WARN_DIRECT_OBJC_ISA_USAGE = YES_ERROR;
				CLANG_WARN_EMPTY_BODY = YES;
				CLANG_WARN_ENUM_CONVERSION = YES;
				CLANG_WARN_INT_CONVERSION = YES;
				CLANG_WARN_OBJC_ROOT_CLASS = YES_ERROR;
				CLANG_WARN_UNREACHABLE_CODE = YES;
				CLANG_WARN__DUPLICATE_METHOD_MATCH = YES;
				CODE_SIGN_IDENTITY = "-";
				COPY_PHASE_STRIP = NO;
				DEBUG_INFORMATION_FORMAT = dwarf;
				ENABLE_STRICT_OBJC_MSGSEND = YES;
				ENABLE_TESTABILITY = YES;
				GCC_C_LANGUAGE_STANDARD = gnu99;
				GCC_DYNAMIC_NO_PIC = NO;
				GCC_NO_COMMON_BLOCKS = YES;
				GCC_OPTIMIZATION_LEVEL = 0;
				GCC_PREPROCESSOR_DEFINITIONS = (
					"DEBUG=1",
					"$(inherited)",
				);
				GCC_WARN_64_TO_32_BIT_CONVERSION = YES;
				GCC_WARN_ABOUT_RETURN_TYPE = YES_ERROR;
				GCC_WARN_UNDECLARED_SELECTOR = YES;
				GCC_WARN_UNINITIALIZED_AUTOS = YES_AGGRESSIVE;
				GCC_WARN_UNUSED_FUNCTION = YES;
				GCC_WARN_UNUSED_VARIABLE = YES;
				MACOSX_DEPLOYMENT_TARGET = 10.10;
				MTL_ENABLE_DEBUG_INFO = YES;
				ONLY_ACTIVE_ARCH = YES;
				SDKROOT = macosx;
				SWIFT_OPTIMIZATION_LEVEL = "-Onone";
			};
			name = Debug;
		};
		A05EDAD01B7A4466001B3F3C /* Release */ = {
			isa = XCBuildConfiguration;
			buildSettings = {
				ALWAYS_SEARCH_USER_PATHS = NO;
				CLANG_CXX_LANGUAGE_STANDARD = "gnu++0x";
				CLANG_CXX_LIBRARY = "libc++";
				CLANG_ENABLE_MODULES = YES;
				CLANG_ENABLE_OBJC_ARC = YES;
				CLANG_WARN_BOOL_CONVERSION = YES;
				CLANG_WARN_CONSTANT_CONVERSION = YES;
				CLANG_WARN_DIRECT_OBJC_ISA_USAGE = YES_ERROR;
				CLANG_WARN_EMPTY_BODY = YES;
				CLANG_WARN_ENUM_CONVERSION = YES;
				CLANG_WARN_INT_CONVERSION = YES;
				CLANG_WARN_OBJC_ROOT_CLASS = YES_ERROR;
				CLANG_WARN_UNREACHABLE_CODE = YES;
				CLANG_WARN__DUPLICATE_METHOD_MATCH = YES;
				CODE_SIGN_IDENTITY = "-";
				COPY_PHASE_STRIP = NO;
				DEBUG_INFORMATION_FORMAT = "dwarf-with-dsym";
				ENABLE_NS_ASSERTIONS = NO;
				ENABLE_STRICT_OBJC_MSGSEND = YES;
				GCC_C_LANGUAGE_STANDARD = gnu99;
				GCC_NO_COMMON_BLOCKS = YES;
				GCC_WARN_64_TO_32_BIT_CONVERSION = YES;
				GCC_WARN_ABOUT_RETURN_TYPE = YES_ERROR;
				GCC_WARN_UNDECLARED_SELECTOR = YES;
				GCC_WARN_UNINITIALIZED_AUTOS = YES_AGGRESSIVE;
				GCC_WARN_UNUSED_FUNCTION = YES;
				GCC_WARN_UNUSED_VARIABLE = YES;
				MACOSX_DEPLOYMENT_TARGET = 10.10;
				MTL_ENABLE_DEBUG_INFO = NO;
				SDKROOT = macosx;
			};
			name = Release;
		};
		A05EDAD21B7A4466001B3F3C /* Debug */ = {
			isa = XCBuildConfiguration;
			buildSettings = {
				ASSETCATALOG_COMPILER_APPICON_NAME = AppIcon;
				CODE_SIGN_IDENTITY = "Developer ID Application";
				COMBINE_HIDPI_IMAGES = NO;
				DEFINES_MODULE = YES;
				FRAMEWORK_SEARCH_PATHS = (
					"$(inherited)",
					"$(PROJECT_DIR)/Frameworks",
				);
				INFOPLIST_FILE = lupa/Info.plist;
				LD_RUNPATH_SEARCH_PATHS = "$(inherited) @executable_path/../Frameworks";
				PRODUCT_BUNDLE_IDENTIFIER = parchis.org.lupa;
				PRODUCT_NAME = "$(TARGET_NAME)";
				SWIFT_OBJC_BRIDGING_HEADER = "lupa/lupa-Bridging-Header.h";
			};
			name = Debug;
		};
		A05EDAD31B7A4466001B3F3C /* Release */ = {
			isa = XCBuildConfiguration;
			buildSettings = {
				ASSETCATALOG_COMPILER_APPICON_NAME = AppIcon;
				CODE_SIGN_IDENTITY = "Developer ID Application";
				COMBINE_HIDPI_IMAGES = NO;
				DEFINES_MODULE = YES;
				FRAMEWORK_SEARCH_PATHS = (
					"$(inherited)",
					"$(PROJECT_DIR)/Frameworks",
				);
				INFOPLIST_FILE = lupa/Info.plist;
				LD_RUNPATH_SEARCH_PATHS = "$(inherited) @executable_path/../Frameworks";
				PRODUCT_BUNDLE_IDENTIFIER = parchis.org.lupa;
				PRODUCT_NAME = "$(TARGET_NAME)";
				SWIFT_OBJC_BRIDGING_HEADER = "lupa/lupa-Bridging-Header.h";
			};
			name = Release;
		};
/* End XCBuildConfiguration section */

/* Begin XCConfigurationList section */
		A05EDABF1B7A4466001B3F3C /* Build configuration list for PBXProject "lupa" */ = {
			isa = XCConfigurationList;
			buildConfigurations = (
				A05EDACF1B7A4466001B3F3C /* Debug */,
				A05EDAD01B7A4466001B3F3C /* Release */,
			);
			defaultConfigurationIsVisible = 0;
			defaultConfigurationName = Release;
		};
		A05EDAD11B7A4466001B3F3C /* Build configuration list for PBXNativeTarget "lupa" */ = {
			isa = XCConfigurationList;
			buildConfigurations = (
				A05EDAD21B7A4466001B3F3C /* Debug */,
				A05EDAD31B7A4466001B3F3C /* Release */,
			);
			defaultConfigurationIsVisible = 0;
			defaultConfigurationName = Release;
		};
/* End XCConfigurationList section */
	};
	rootObject = A05EDABC1B7A4466001B3F3C /* Project object */;
}
