// !$*UTF8*$!
{
	archiveVersion = 1;
	classes = {
	};
	objectVersion = 46;
	objects = {

/* Begin PBXBuildFile section */
		A085D3161B81CC10007B9917 /* AppDelegate.swift in Sources */ = {isa = PBXBuildFile; fileRef = A085D3151B81CC10007B9917 /* AppDelegate.swift */; };
		A085D3181B81CC10007B9917 /* Assets.xcassets in Resources */ = {isa = PBXBuildFile; fileRef = A085D3171B81CC10007B9917 /* Assets.xcassets */; };
		A085D31B1B81CC10007B9917 /* MainMenu.xib in Resources */ = {isa = PBXBuildFile; fileRef = A085D3191B81CC10007B9917 /* MainMenu.xib */; };
		A085D3241B81CC6B007B9917 /* LPStatusItemGlobals.swift in Sources */ = {isa = PBXBuildFile; fileRef = A085D3231B81CC6B007B9917 /* LPStatusItemGlobals.swift */; };
		A085D3261B81CC98007B9917 /* LPStatusItem.swift in Sources */ = {isa = PBXBuildFile; fileRef = A085D3251B81CC98007B9917 /* LPStatusItem.swift */; };
/* End PBXBuildFile section */

/* Begin PBXFileReference section */
		A085D3121B81CC10007B9917 /* LPStatusBar.app */ = {isa = PBXFileReference; explicitFileType = wrapper.application; includeInIndex = 0; path = LPStatusBar.app; sourceTree = BUILT_PRODUCTS_DIR; };
		A085D3151B81CC10007B9917 /* AppDelegate.swift */ = {isa = PBXFileReference; lastKnownFileType = sourcecode.swift; path = AppDelegate.swift; sourceTree = "<group>"; };
		A085D3171B81CC10007B9917 /* Assets.xcassets */ = {isa = PBXFileReference; lastKnownFileType = folder.assetcatalog; path = Assets.xcassets; sourceTree = "<group>"; };
		A085D31A1B81CC10007B9917 /* Base */ = {isa = PBXFileReference; lastKnownFileType = file.xib; name = Base; path = Base.lproj/MainMenu.xib; sourceTree = "<group>"; };
		A085D31C1B81CC10007B9917 /* Info.plist */ = {isa = PBXFileReference; lastKnownFileType = text.plist.xml; path = Info.plist; sourceTree = "<group>"; };
		A085D3231B81CC6B007B9917 /* LPStatusItemGlobals.swift */ = {isa = PBXFileReference; fileEncoding = 4; lastKnownFileType = sourcecode.swift; name = LPStatusItemGlobals.swift; path = LPStatusItem/LPStatusItemGlobals.swift; sourceTree = SOURCE_ROOT; };
		A085D3251B81CC98007B9917 /* LPStatusItem.swift */ = {isa = PBXFileReference; fileEncoding = 4; lastKnownFileType = sourcecode.swift; name = LPStatusItem.swift; path = LPStatusItem/LPStatusItem.swift; sourceTree = SOURCE_ROOT; };
/* End PBXFileReference section */

/* Begin PBXFrameworksBuildPhase section */
		A085D30F1B81CC10007B9917 /* Frameworks */ = {
			isa = PBXFrameworksBuildPhase;
			buildActionMask = 2147483647;
			files = (
			);
			runOnlyForDeploymentPostprocessing = 0;
		};
/* End PBXFrameworksBuildPhase section */

/* Begin PBXGroup section */
		A085D3091B81CC10007B9917 = {
			isa = PBXGroup;
			children = (
				A085D3221B81CC2F007B9917 /* LPStatusItem */,
				A085D3141B81CC10007B9917 /* LPStatusBar */,
				A085D3131B81CC10007B9917 /* Products */,
			);
			sourceTree = "<group>";
		};
		A085D3131B81CC10007B9917 /* Products */ = {
			isa = PBXGroup;
			children = (
				A085D3121B81CC10007B9917 /* LPStatusBar.app */,
			);
			name = Products;
			sourceTree = "<group>";
		};
		A085D3141B81CC10007B9917 /* LPStatusBar */ = {
			isa = PBXGroup;
			children = (
				A085D3151B81CC10007B9917 /* AppDelegate.swift */,
				A085D3171B81CC10007B9917 /* Assets.xcassets */,
				A085D3191B81CC10007B9917 /* MainMenu.xib */,
				A085D31C1B81CC10007B9917 /* Info.plist */,
			);
			path = LPStatusBar;
			sourceTree = "<group>";
		};
		A085D3221B81CC2F007B9917 /* LPStatusItem */ = {
			isa = PBXGroup;
			children = (
				A085D3231B81CC6B007B9917 /* LPStatusItemGlobals.swift */,
				A085D3251B81CC98007B9917 /* LPStatusItem.swift */,
			);
			name = LPStatusItem;
			path = LPStatusBar;
			sourceTree = "<group>";
		};
/* End PBXGroup section */

/* Begin PBXNativeTarget section */
		A085D3111B81CC10007B9917 /* LPStatusBar */ = {
			isa = PBXNativeTarget;
			buildConfigurationList = A085D31F1B81CC10007B9917 /* Build configuration list for PBXNativeTarget "LPStatusBar" */;
			buildPhases = (
				A085D30E1B81CC10007B9917 /* Sources */,
				A085D30F1B81CC10007B9917 /* Frameworks */,
				A085D3101B81CC10007B9917 /* Resources */,
			);
			buildRules = (
			);
			dependencies = (
			);
			name = LPStatusBar;
			productName = LPStatusBar;
			productReference = A085D3121B81CC10007B9917 /* LPStatusBar.app */;
			productType = "com.apple.product-type.application";
		};
/* End PBXNativeTarget section */

/* Begin PBXProject section */
		A085D30A1B81CC10007B9917 /* Project object */ = {
			isa = PBXProject;
			attributes = {
				LastUpgradeCheck = 0700;
				ORGANIZATIONNAME = "Luis Palacios";
				TargetAttributes = {
					A085D3111B81CC10007B9917 = {
						CreatedOnToolsVersion = 7.0;
					};
				};
			};
			buildConfigurationList = A085D30D1B81CC10007B9917 /* Build configuration list for PBXProject "LPStatusBar" */;
			compatibilityVersion = "Xcode 3.2";
			developmentRegion = English;
			hasScannedForEncodings = 0;
			knownRegions = (
				en,
				Base,
			);
			mainGroup = A085D3091B81CC10007B9917;
			productRefGroup = A085D3131B81CC10007B9917 /* Products */;
			projectDirPath = "";
			projectRoot = "";
			targets = (
				A085D3111B81CC10007B9917 /* LPStatusBar */,
			);
		};
/* End PBXProject section */

/* Begin PBXResourcesBuildPhase section */
		A085D3101B81CC10007B9917 /* Resources */ = {
			isa = PBXResourcesBuildPhase;
			buildActionMask = 2147483647;
			files = (
				A085D3181B81CC10007B9917 /* Assets.xcassets in Resources */,
				A085D31B1B81CC10007B9917 /* MainMenu.xib in Resources */,
			);
			runOnlyForDeploymentPostprocessing = 0;
		};
/* End PBXResourcesBuildPhase section */

/* Begin PBXSourcesBuildPhase section */
		A085D30E1B81CC10007B9917 /* Sources */ = {
			isa = PBXSourcesBuildPhase;
			buildActionMask = 2147483647;
			files = (
				A085D3161B81CC10007B9917 /* AppDelegate.swift in Sources */,
				A085D3261B81CC98007B9917 /* LPStatusItem.swift in Sources */,
				A085D3241B81CC6B007B9917 /* LPStatusItemGlobals.swift in Sources */,
			);
			runOnlyForDeploymentPostprocessing = 0;
		};
/* End PBXSourcesBuildPhase section */

/* Begin PBXVariantGroup section */
		A085D3191B81CC10007B9917 /* MainMenu.xib */ = {
			isa = PBXVariantGroup;
			children = (
				A085D31A1B81CC10007B9917 /* Base */,
			);
			name = MainMenu.xib;
			sourceTree = "<group>";
		};
/* End PBXVariantGroup section */

/* Begin XCBuildConfiguration section */
		A085D31D1B81CC10007B9917 /* Debug */ = {
			isa = XCBuildConfiguration;
			buildSettings = {
				ALWAYS_SEARCH_USER_PATHS = NO;
				CLANG_CXX_LANGUAGE_STANDARD = "gnu++0x";
				CLANG_CXX_LIBRARY = "libc++";
				CLANG_ENABLE_MODULES = YES;
				CLANG_ENABLE_OBJC_ARC = YES;
				CLANG_WARN_BOOL_CONVERSION = YES;
				CLANG_WARN_CONSTANT_CONVERSION = YES;
				CLANG_WARN_DIRECT_OBJC_ISA_USAGE = YES_ERROR;
				CLANG_WARN_EMPTY_BODY = YES;
				CLANG_WARN_ENUM_CONVERSION = YES;
				CLANG_WARN_INT_CONVERSION = YES;
				CLANG_WARN_OBJC_ROOT_CLASS = YES_ERROR;
				CLANG_WARN_UNREACHABLE_CODE = YES;
				CLANG_WARN__DUPLICATE_METHOD_MATCH = YES;
				CODE_SIGN_IDENTITY = "-";
				COPY_PHASE_STRIP = NO;
				DEBUG_INFORMATION_FORMAT = dwarf;
				ENABLE_STRICT_OBJC_MSGSEND = YES;
				ENABLE_TESTABILITY = YES;
				GCC_C_LANGUAGE_STANDARD = gnu99;
				GCC_DYNAMIC_NO_PIC = NO;
				GCC_NO_COMMON_BLOCKS = YES;
				GCC_OPTIMIZATION_LEVEL = 0;
				GCC_PREPROCESSOR_DEFINITIONS = (
					"DEBUG=1",
					"$(inherited)",
				);
				GCC_WARN_64_TO_32_BIT_CONVERSION = YES;
				GCC_WARN_ABOUT_RETURN_TYPE = YES_ERROR;
				GCC_WARN_UNDECLARED_SELECTOR = YES;
				GCC_WARN_UNINITIALIZED_AUTOS = YES_AGGRESSIVE;
				GCC_WARN_UNUSED_FUNCTION = YES;
				GCC_WARN_UNUSED_VARIABLE = YES;
				MACOSX_DEPLOYMENT_TARGET = 10.11;
				MTL_ENABLE_DEBUG_INFO = YES;
				ONLY_ACTIVE_ARCH = YES;
				SDKROOT = macosx;
				SWIFT_OPTIMIZATION_LEVEL = "-Onone";
			};
			name = Debug;
		};
		A085D31E1B81CC10007B9917 /* Release */ = {
			isa = XCBuildConfiguration;
			buildSettings = {
				ALWAYS_SEARCH_USER_PATHS = NO;
				CLANG_CXX_LANGUAGE_STANDARD = "gnu++0x";
				CLANG_CXX_LIBRARY = "libc++";
				CLANG_ENABLE_MODULES = YES;
				CLANG_ENABLE_OBJC_ARC = YES;
				CLANG_WARN_BOOL_CONVERSION = YES;
				CLANG_WARN_CONSTANT_CONVERSION = YES;
				CLANG_WARN_DIRECT_OBJC_ISA_USAGE = YES_ERROR;
				CLANG_WARN_EMPTY_BODY = YES;
				CLANG_WARN_ENUM_CONVERSION = YES;
				CLANG_WARN_INT_CONVERSION = YES;
				CLANG_WARN_OBJC_ROOT_CLASS = YES_ERROR;
				CLANG_WARN_UNREACHABLE_CODE = YES;
				CLANG_WARN__DUPLICATE_METHOD_MATCH = YES;
				CODE_SIGN_IDENTITY = "-";
				COPY_PHASE_STRIP = NO;
				DEBUG_INFORMATION_FORMAT = "dwarf-with-dsym";
				ENABLE_NS_ASSERTIONS = NO;
				ENABLE_STRICT_OBJC_MSGSEND = YES;
				GCC_C_LANGUAGE_STANDARD = gnu99;
				GCC_NO_COMMON_BLOCKS = YES;
				GCC_WARN_64_TO_32_BIT_CONVERSION = YES;
				GCC_WARN_ABOUT_RETURN_TYPE = YES_ERROR;
				GCC_WARN_UNDECLARED_SELECTOR = YES;
				GCC_WARN_UNINITIALIZED_AUTOS = YES_AGGRESSIVE;
				GCC_WARN_UNUSED_FUNCTION = YES;
				GCC_WARN_UNUSED_VARIABLE = YES;
				MACOSX_DEPLOYMENT_TARGET = 10.11;
				MTL_ENABLE_DEBUG_INFO = NO;
				SDKROOT = macosx;
			};
			name = Release;
		};
		A085D3201B81CC10007B9917 /* Debug */ = {
			isa = XCBuildConfiguration;
			buildSettings = {
				ASSETCATALOG_COMPILER_APPICON_NAME = AppIcon;
				COMBINE_HIDPI_IMAGES = YES;
				INFOPLIST_FILE = LPStatusBar/Info.plist;
				LD_RUNPATH_SEARCH_PATHS = "$(inherited) @executable_path/../Frameworks";
				PRODUCT_BUNDLE_IDENTIFIER = Parchis.LPStatusBar;
				PRODUCT_NAME = "$(TARGET_NAME)";
			};
			name = Debug;
		};
		A085D3211B81CC10007B9917 /* Release */ = {
			isa = XCBuildConfiguration;
			buildSettings = {
				ASSETCATALOG_COMPILER_APPICON_NAME = AppIcon;
				COMBINE_HIDPI_IMAGES = YES;
				INFOPLIST_FILE = LPStatusBar/Info.plist;
				LD_RUNPATH_SEARCH_PATHS = "$(inherited) @executable_path/../Frameworks";
				PRODUCT_BUNDLE_IDENTIFIER = Parchis.LPStatusBar;
				PRODUCT_NAME = "$(TARGET_NAME)";
			};
			name = Release;
		};
/* End XCBuildConfiguration section */

/* Begin XCConfigurationList section */
		A085D30D1B81CC10007B9917 /* Build configuration list for PBXProject "LPStatusBar" */ = {
			isa = XCConfigurationList;
			buildConfigurations = (
				A085D31D1B81CC10007B9917 /* Debug */,
				A085D31E1B81CC10007B9917 /* Release */,
			);
			defaultConfigurationIsVisible = 0;
			defaultConfigurationName = Release;
		};
		A085D31F1B81CC10007B9917 /* Build configuration list for PBXNativeTarget "LPStatusBar" */ = {
			isa = XCConfigurationList;
			buildConfigurations = (
				A085D3201B81CC10007B9917 /* Debug */,
				A085D3211B81CC10007B9917 /* Release */,
			);
			defaultConfigurationIsVisible = 0;
		};
/* End XCConfigurationList section */
	};
	rootObject = A085D30A1B81CC10007B9917 /* Project object */;
}
