// !$*UTF8*$!
{
	archiveVersion = 1;
	classes = {
	};
	objectVersion = 46;
	objects = {

/* Begin PBXBuildFile section */
		A05EDAC81B7A4466001B3F3C /* AppDelegate.swift in Sources */ = {isa = PBXBuildFile; fileRef = A05EDAC71B7A4466001B3F3C /* AppDelegate.swift */; };
		A05EDACA1B7A4466001B3F3C /* Assets.xcassets in Resources */ = {isa = PBXBuildFile; fileRef = A05EDAC91B7A4466001B3F3C /* Assets.xcassets */; };
		A05EDACD1B7A4466001B3F3C /* MainMenu.xib in Resources */ = {isa = PBXBuildFile; fileRef = A05EDACB1B7A4466001B3F3C /* MainMenu.xib */; };
/* End PBXBuildFile section */

/* Begin PBXFileReference section */
		A05EDAC41B7A4466001B3F3C /* lupa.app */ = {isa = PBXFileReference; explicitFileType = wrapper.application; includeInIndex = 0; path = lupa.app; sourceTree = BUILT_PRODUCTS_DIR; };
		A05EDAC71B7A4466001B3F3C /* AppDelegate.swift */ = {isa = PBXFileReference; lastKnownFileType = sourcecode.swift; path = AppDelegate.swift; sourceTree = "<group>"; };
		A05EDAC91B7A4466001B3F3C /* Assets.xcassets */ = {isa = PBXFileReference; lastKnownFileType = folder.assetcatalog; path = Assets.xcassets; sourceTree = "<group>"; };
		A05EDACC1B7A4466001B3F3C /* Base */ = {isa = PBXFileReference; lastKnownFileType = file.xib; name = Base; path = Base.lproj/MainMenu.xib; sourceTree = "<group>"; };
		A05EDACE1B7A4466001B3F3C /* Info.plist */ = {isa = PBXFileReference; lastKnownFileType = text.plist.xml; path = Info.plist; sourceTree = "<group>"; };
/* End PBXFileReference section */

/* Begin PBXFrameworksBuildPhase section */
		A05EDAC11B7A4466001B3F3C /* Frameworks */ = {
			isa = PBXFrameworksBuildPhase;
			buildActionMask = 2147483647;
			files = (
			);
			runOnlyForDeploymentPostprocessing = 0;
		};
/* End PBXFrameworksBuildPhase section */

/* Begin PBXGroup section */
		A05EDABB1B7A4466001B3F3C = {
			isa = PBXGroup;
			children = (
				A05EDAC61B7A4466001B3F3C /* lupa */,
				A05EDAC51B7A4466001B3F3C /* Products */,
			);
			sourceTree = "<group>";
		};
		A05EDAC51B7A4466001B3F3C /* Products */ = {
			isa = PBXGroup;
			children = (
				A05EDAC41B7A4466001B3F3C /* lupa.app */,
			);
			name = Products;
			sourceTree = "<group>";
		};
		A05EDAC61B7A4466001B3F3C /* lupa */ = {
			isa = PBXGroup;
			children = (
				A05EDAC71B7A4466001B3F3C /* AppDelegate.swift */,
				A05EDAC91B7A4466001B3F3C /* Assets.xcassets */,
				A05EDACB1B7A4466001B3F3C /* MainMenu.xib */,
				A05EDACE1B7A4466001B3F3C /* Info.plist */,
			);
			path = lupa;
			sourceTree = "<group>";
		};
/* End PBXGroup section */

/* Begin PBXNativeTarget section */
		A05EDAC31B7A4466001B3F3C /* lupa */ = {
			isa = PBXNativeTarget;
			buildConfigurationList = A05EDAD11B7A4466001B3F3C /* Build configuration list for PBXNativeTarget "lupa" */;
			buildPhases = (
				A05EDAC01B7A4466001B3F3C /* Sources */,
				A05EDAC11B7A4466001B3F3C /* Frameworks */,
				A05EDAC21B7A4466001B3F3C /* Resources */,
			);
			buildRules = (
			);
			dependencies = (
			);
			name = lupa;
			productName = lupa;
			productReference = A05EDAC41B7A4466001B3F3C /* lupa.app */;
			productType = "com.apple.product-type.application";
		};
/* End PBXNativeTarget section */

/* Begin PBXProject section */
		A05EDABC1B7A4466001B3F3C /* Project object */ = {
			isa = PBXProject;
			attributes = {
				LastUpgradeCheck = 0700;
				ORGANIZATIONNAME = "Luis Palacios";
				TargetAttributes = {
					A05EDAC31B7A4466001B3F3C = {
						CreatedOnToolsVersion = 7.0;
					};
				};
			};
			buildConfigurationList = A05EDABF1B7A4466001B3F3C /* Build configuration list for PBXProject "lupa" */;
			compatibilityVersion = "Xcode 3.2";
			developmentRegion = English;
			hasScannedForEncodings = 0;
			knownRegions = (
				en,
				Base,
			);
			mainGroup = A05EDABB1B7A4466001B3F3C;
			productRefGroup = A05EDAC51B7A4466001B3F3C /* Products */;
			projectDirPath = "";
			projectRoot = "";
			targets = (
				A05EDAC31B7A4466001B3F3C /* lupa */,
			);
		};
/* End PBXProject section */

/* Begin PBXResourcesBuildPhase section */
		A05EDAC21B7A4466001B3F3C /* Resources */ = {
			isa = PBXResourcesBuildPhase;
			buildActionMask = 2147483647;
			files = (
				A05EDACA1B7A4466001B3F3C /* Assets.xcassets in Resources */,
				A05EDACD1B7A4466001B3F3C /* MainMenu.xib in Resources */,
			);
			runOnlyForDeploymentPostprocessing = 0;
		};
/* End PBXResourcesBuildPhase section */

/* Begin PBXSourcesBuildPhase section */
		A05EDAC01B7A4466001B3F3C /* Sources */ = {
			isa = PBXSourcesBuildPhase;
			buildActionMask = 2147483647;
			files = (
				A05EDAC81B7A4466001B3F3C /* AppDelegate.swift in Sources */,
			);
			runOnlyForDeploymentPostprocessing = 0;
		};
/* End PBXSourcesBuildPhase section */

/* Begin PBXVariantGroup section */
		A05EDACB1B7A4466001B3F3C /* MainMenu.xib */ = {
			isa = PBXVariantGroup;
			children = (
				A05EDACC1B7A4466001B3F3C /* Base */,
			);
			name = MainMenu.xib;
			sourceTree = "<group>";
		};
/* End PBXVariantGroup section */

/* Begin XCBuildConfiguration section */
		A05EDACF1B7A4466001B3F3C /* Debug */ = {
			isa = XCBuildConfiguration;
			buildSettings = {
				ALWAYS_SEARCH_USER_PATHS = NO;
				CLANG_CXX_LANGUAGE_STANDARD = "gnu++0x";
				CLANG_CXX_LIBRARY = "libc++";
				CLANG_ENABLE_MODULES = YES;
				CLANG_ENABLE_OBJC_ARC = YES;
				CLANG_WARN_BOOL_CONVERSION = YES;
				CLANG_WARN_CONSTANT_CONVERSION = YES;
				CLANG_WARN_DIRECT_OBJC_ISA_USAGE = YES_ERROR;
				CLANG_WARN_EMPTY_BODY = YES;
				CLANG_WARN_ENUM_CONVERSION = YES;
				CLANG_WARN_INT_CONVERSION = YES;
				CLANG_WARN_OBJC_ROOT_CLASS = YES_ERROR;
				CLANG_WARN_UNREACHABLE_CODE = YES;
				CLANG_WARN__DUPLICATE_METHOD_MATCH = YES;
				CODE_SIGN_IDENTITY = "-";
				COPY_PHASE_STRIP = NO;
				DEBUG_INFORMATION_FORMAT = dwarf;
				ENABLE_STRICT_OBJC_MSGSEND = YES;
				ENABLE_TESTABILITY = YES;
				GCC_C_LANGUAGE_STANDARD = gnu99;
				GCC_DYNAMIC_NO_PIC = NO;
				GCC_NO_COMMON_BLOCKS = YES;
				GCC_OPTIMIZATION_LEVEL = 0;
				GCC_PREPROCESSOR_DEFINITIONS = (
					"DEBUG=1",
					"$(inherited)",
				);
				GCC_WARN_64_TO_32_BIT_CONVERSION = YES;
				GCC_WARN_ABOUT_RETURN_TYPE = YES_ERROR;
				GCC_WARN_UNDECLARED_SELECTOR = YES;
				GCC_WARN_UNINITIALIZED_AUTOS = YES_AGGRESSIVE;
				GCC_WARN_UNUSED_FUNCTION = YES;
				GCC_WARN_UNUSED_VARIABLE = YES;
				MACOSX_DEPLOYMENT_TARGET = 10.10;
				MTL_ENABLE_DEBUG_INFO = YES;
				ONLY_ACTIVE_ARCH = YES;
				SDKROOT = macosx;
				SWIFT_OPTIMIZATION_LEVEL = "-Onone";
			};
			name = Debug;
		};
		A05EDAD01B7A4466001B3F3C /* Release */ = {
			isa = XCBuildConfiguration;
			buildSettings = {
				ALWAYS_SEARCH_USER_PATHS = NO;
				CLANG_CXX_LANGUAGE_STANDARD = "gnu++0x";
				CLANG_CXX_LIBRARY = "libc++";
				CLANG_ENABLE_MODULES = YES;
				CLANG_ENABLE_OBJC_ARC = YES;
				CLANG_WARN_BOOL_CONVERSION = YES;
				CLANG_WARN_CONSTANT_CONVERSION = YES;
				CLANG_WARN_DIRECT_OBJC_ISA_USAGE = YES_ERROR;
				CLANG_WARN_EMPTY_BODY = YES;
				CLANG_WARN_ENUM_CONVERSION = YES;
				CLANG_WARN_INT_CONVERSION = YES;
				CLANG_WARN_OBJC_ROOT_CLASS = YES_ERROR;
				CLANG_WARN_UNREACHABLE_CODE = YES;
				CLANG_WARN__DUPLICATE_METHOD_MATCH = YES;
				CODE_SIGN_IDENTITY = "-";
				COPY_PHASE_STRIP = NO;
				DEBUG_INFORMATION_FORMAT = "dwarf-with-dsym";
				ENABLE_NS_ASSERTIONS = NO;
				ENABLE_STRICT_OBJC_MSGSEND = YES;
				GCC_C_LANGUAGE_STANDARD = gnu99;
				GCC_NO_COMMON_BLOCKS = YES;
				GCC_WARN_64_TO_32_BIT_CONVERSION = YES;
				GCC_WARN_ABOUT_RETURN_TYPE = YES_ERROR;
				GCC_WARN_UNDECLARED_SELECTOR = YES;
				GCC_WARN_UNINITIALIZED_AUTOS = YES_AGGRESSIVE;
				GCC_WARN_UNUSED_FUNCTION = YES;
				GCC_WARN_UNUSED_VARIABLE = YES;
				MACOSX_DEPLOYMENT_TARGET = 10.10;
				MTL_ENABLE_DEBUG_INFO = NO;
				SDKROOT = macosx;
			};
			name = Release;
		};
		A05EDAD21B7A4466001B3F3C /* Debug */ = {
			isa = XCBuildConfiguration;
			buildSettings = {
				ASSETCATALOG_COMPILER_APPICON_NAME = AppIcon;
				COMBINE_HIDPI_IMAGES = YES;
				INFOPLIST_FILE = lupa/Info.plist;
				LD_RUNPATH_SEARCH_PATHS = "$(inherited) @executable_path/../Frameworks";
				PRODUCT_BUNDLE_IDENTIFIER = parchis.org.lupa;
				PRODUCT_NAME = "$(TARGET_NAME)";
			};
			name = Debug;
		};
		A05EDAD31B7A4466001B3F3C /* Release */ = {
			isa = XCBuildConfiguration;
			buildSettings = {
				ASSETCATALOG_COMPILER_APPICON_NAME = AppIcon;
				COMBINE_HIDPI_IMAGES = YES;
				INFOPLIST_FILE = lupa/Info.plist;
				LD_RUNPATH_SEARCH_PATHS = "$(inherited) @executable_path/../Frameworks";
				PRODUCT_BUNDLE_IDENTIFIER = parchis.org.lupa;
				PRODUCT_NAME = "$(TARGET_NAME)";
			};
			name = Release;
		};
/* End XCBuildConfiguration section */

/* Begin XCConfigurationList section */
		A05EDABF1B7A4466001B3F3C /* Build configuration list for PBXProject "lupa" */ = {
			isa = XCConfigurationList;
			buildConfigurations = (
				A05EDACF1B7A4466001B3F3C /* Debug */,
				A05EDAD01B7A4466001B3F3C /* Release */,
			);
			defaultConfigurationIsVisible = 0;
			defaultConfigurationName = Release;
		};
		A05EDAD11B7A4466001B3F3C /* Build configuration list for PBXNativeTarget "lupa" */ = {
			isa = XCConfigurationList;
			buildConfigurations = (
				A05EDAD21B7A4466001B3F3C /* Debug */,
				A05EDAD31B7A4466001B3F3C /* Release */,
			);
			defaultConfigurationIsVisible = 0;
		};
/* End XCConfigurationList section */
	};
	rootObject = A05EDABC1B7A4466001B3F3C /* Project object */;
}
